
Microsoft Visual Studio Solution File, Format Version 12.00
# Visual Studio 15
VisualStudioVersion = 15.0.27703.2042
MinimumVisualStudioVersion = 10.0.40219.1
Project("{FAE04EC0-301F-11D3-BF4B-00C04F79EFBC}") = "darkest-dungeon-savior", "darkest-dungeon-savegame\darkest-dungeon-savior.csproj", "{2F1F2E02-6956-4B95-943A-621CE3E1F45D}"
EndProject
Global
	GlobalSection(SolutionConfigurationPlatforms) = preSolution
		Debug|Any CPU = Debug|Any CPU
		Release|Any CPU = Release|Any CPU
	EndGlobalSection
	GlobalSection(ProjectConfigurationPlatforms) = postSolution
		{2F1F2E02-6956-4B95-943A-621CE3E1F45D}.Debug|Any CPU.ActiveCfg = Debug|Any CPU
		{2F1F2E02-6956-4B95-943A-621CE3E1F45D}.Debug|Any CPU.Build.0 = Debug|Any CPU
		{2F1F2E02-6956-4B95-943A-621CE3E1F45D}.Release|Any CPU.ActiveCfg = Release|Any CPU
		{2F1F2E02-6956-4B95-943A-621CE3E1F45D}.Release|Any CPU.Build.0 = Release|Any CPU
	EndGlobalSection
	GlobalSection(SolutionProperties) = preSolution
		HideSolutionNode = FALSE
	EndGlobalSection
	GlobalSection(ExtensibilityGlobals) = postSolution
		SolutionGuid = {D5EEDD42-3745-4062-ADD2-ECEA83EFDD51}
	EndGlobalSection
EndGlobal
